// !$*UTF8*$!
{
	archiveVersion = 1;
	classes = {
	};
	objectVersion = 50;
	objects = {

/* Begin PBXBuildFile section */
		F538AC04243E731200A75BD4 /* HomeViewController.swift in Sources */ = {isa = PBXBuildFile; fileRef = F538AC03243E731200A75BD4 /* HomeViewController.swift */; };
		F5AB9F82243D174800DF0BE9 /* AppDelegate.swift in Sources */ = {isa = PBXBuildFile; fileRef = F5AB9F81243D174800DF0BE9 /* AppDelegate.swift */; };
		F5AB9F84243D174800DF0BE9 /* SceneDelegate.swift in Sources */ = {isa = PBXBuildFile; fileRef = F5AB9F83243D174800DF0BE9 /* SceneDelegate.swift */; };
		F5AB9F86243D174800DF0BE9 /* ViewController.swift in Sources */ = {isa = PBXBuildFile; fileRef = F5AB9F85243D174800DF0BE9 /* ViewController.swift */; };
		F5AB9F89243D174800DF0BE9 /* Main.storyboard in Resources */ = {isa = PBXBuildFile; fileRef = F5AB9F87243D174800DF0BE9 /* Main.storyboard */; };
		F5AB9F8C243D174800DF0BE9 /* IngSpector.xcdatamodeld in Sources */ = {isa = PBXBuildFile; fileRef = F5AB9F8A243D174800DF0BE9 /* IngSpector.xcdatamodeld */; };
		F5AB9F8E243D174D00DF0BE9 /* Assets.xcassets in Resources */ = {isa = PBXBuildFile; fileRef = F5AB9F8D243D174D00DF0BE9 /* Assets.xcassets */; };
		F5AB9F91243D174D00DF0BE9 /* LaunchScreen.storyboard in Resources */ = {isa = PBXBuildFile; fileRef = F5AB9F8F243D174D00DF0BE9 /* LaunchScreen.storyboard */; };
		F5AB9F99243D2C2400DF0BE9 /* background.png in Resources */ = {isa = PBXBuildFile; fileRef = F5AB9F98243D2C2400DF0BE9 /* background.png */; };
		F5AB9F9E243D2E9700DF0BE9 /* FirstPageViewController.swift in Sources */ = {isa = PBXBuildFile; fileRef = F5AB9F9D243D2E9700DF0BE9 /* FirstPageViewController.swift */; };
		F5AB9FA0243D3DE900DF0BE9 /* splash.jpg in Resources */ = {isa = PBXBuildFile; fileRef = F5AB9F9F243D3DE900DF0BE9 /* splash.jpg */; };
		F5AB9FA2243D407E00DF0BE9 /* log1.jpg in Resources */ = {isa = PBXBuildFile; fileRef = F5AB9FA1243D407E00DF0BE9 /* log1.jpg */; };
		F5AB9FA4243D421500DF0BE9 /* llogoappingspector.png in Resources */ = {isa = PBXBuildFile; fileRef = F5AB9FA3243D421500DF0BE9 /* llogoappingspector.png */; };
		F5AB9FA6243D53FB00DF0BE9 /* ingspectorfulllogo.png in Resources */ = {isa = PBXBuildFile; fileRef = F5AB9FA5243D53FB00DF0BE9 /* ingspectorfulllogo.png */; };
		F5AB9FA8243D5D4A00DF0BE9 /* RegisterViewController.swift in Sources */ = {isa = PBXBuildFile; fileRef = F5AB9FA7243D5D4A00DF0BE9 /* RegisterViewController.swift */; };
/* End PBXBuildFile section */

/* Begin PBXFileReference section */
		F538AC03243E731200A75BD4 /* HomeViewController.swift */ = {isa = PBXFileReference; lastKnownFileType = sourcecode.swift; path = HomeViewController.swift; sourceTree = "<group>"; };
		F5AB9F7E243D174800DF0BE9 /* IngSpector.app */ = {isa = PBXFileReference; explicitFileType = wrapper.application; includeInIndex = 0; path = IngSpector.app; sourceTree = BUILT_PRODUCTS_DIR; };
		F5AB9F81243D174800DF0BE9 /* AppDelegate.swift */ = {isa = PBXFileReference; lastKnownFileType = sourcecode.swift; path = AppDelegate.swift; sourceTree = "<group>"; };
		F5AB9F83243D174800DF0BE9 /* SceneDelegate.swift */ = {isa = PBXFileReference; lastKnownFileType = sourcecode.swift; path = SceneDelegate.swift; sourceTree = "<group>"; };
		F5AB9F85243D174800DF0BE9 /* ViewController.swift */ = {isa = PBXFileReference; lastKnownFileType = sourcecode.swift; path = ViewController.swift; sourceTree = "<group>"; };
		F5AB9F88243D174800DF0BE9 /* Base */ = {isa = PBXFileReference; lastKnownFileType = file.storyboard; name = Base; path = Base.lproj/Main.storyboard; sourceTree = "<group>"; };
		F5AB9F8B243D174800DF0BE9 /* IngSpector.xcdatamodel */ = {isa = PBXFileReference; lastKnownFileType = wrapper.xcdatamodel; path = IngSpector.xcdatamodel; sourceTree = "<group>"; };
		F5AB9F8D243D174D00DF0BE9 /* Assets.xcassets */ = {isa = PBXFileReference; lastKnownFileType = folder.assetcatalog; path = Assets.xcassets; sourceTree = "<group>"; };
		F5AB9F90243D174D00DF0BE9 /* Base */ = {isa = PBXFileReference; lastKnownFileType = file.storyboard; name = Base; path = Base.lproj/LaunchScreen.storyboard; sourceTree = "<group>"; };
		F5AB9F92243D174D00DF0BE9 /* Info.plist */ = {isa = PBXFileReference; lastKnownFileType = text.plist.xml; path = Info.plist; sourceTree = "<group>"; };
		F5AB9F98243D2C2400DF0BE9 /* background.png */ = {isa = PBXFileReference; lastKnownFileType = image.png; path = background.png; sourceTree = "<group>"; };
		F5AB9F9D243D2E9700DF0BE9 /* FirstPageViewController.swift */ = {isa = PBXFileReference; lastKnownFileType = sourcecode.swift; path = FirstPageViewController.swift; sourceTree = "<group>"; };
		F5AB9F9F243D3DE900DF0BE9 /* splash.jpg */ = {isa = PBXFileReference; lastKnownFileType = image.jpeg; path = splash.jpg; sourceTree = "<group>"; };
		F5AB9FA1243D407E00DF0BE9 /* log1.jpg */ = {isa = PBXFileReference; lastKnownFileType = image.jpeg; path = log1.jpg; sourceTree = "<group>"; };
		F5AB9FA3243D421500DF0BE9 /* llogoappingspector.png */ = {isa = PBXFileReference; lastKnownFileType = image.png; path = llogoappingspector.png; sourceTree = "<group>"; };
		F5AB9FA5243D53FB00DF0BE9 /* ingspectorfulllogo.png */ = {isa = PBXFileReference; lastKnownFileType = image.png; path = ingspectorfulllogo.png; sourceTree = "<group>"; };
		F5AB9FA7243D5D4A00DF0BE9 /* RegisterViewController.swift */ = {isa = PBXFileReference; lastKnownFileType = sourcecode.swift; path = RegisterViewController.swift; sourceTree = "<group>"; };
/* End PBXFileReference section */

/* Begin PBXFrameworksBuildPhase section */
		F5AB9F7B243D174800DF0BE9 /* Frameworks */ = {
			isa = PBXFrameworksBuildPhase;
			buildActionMask = 2147483647;
			files = (
			);
			runOnlyForDeploymentPostprocessing = 0;
		};
/* End PBXFrameworksBuildPhase section */

/* Begin PBXGroup section */
		F5AB9F75243D174800DF0BE9 = {
			isa = PBXGroup;
			children = (
				F5AB9F80243D174800DF0BE9 /* IngSpector */,
				F5AB9F7F243D174800DF0BE9 /* Products */,
			);
			sourceTree = "<group>";
		};
		F5AB9F7F243D174800DF0BE9 /* Products */ = {
			isa = PBXGroup;
			children = (
				F5AB9F7E243D174800DF0BE9 /* IngSpector.app */,
			);
			name = Products;
			sourceTree = "<group>";
		};
		F5AB9F80243D174800DF0BE9 /* IngSpector */ = {
			isa = PBXGroup;
			children = (
				F5AB9F9A243D2C2D00DF0BE9 /* Images */,
				F5AB9F81243D174800DF0BE9 /* AppDelegate.swift */,
				F5AB9F83243D174800DF0BE9 /* SceneDelegate.swift */,
				F5AB9F85243D174800DF0BE9 /* ViewController.swift */,
				F5AB9F87243D174800DF0BE9 /* Main.storyboard */,
				F5AB9F8D243D174D00DF0BE9 /* Assets.xcassets */,
				F5AB9F8F243D174D00DF0BE9 /* LaunchScreen.storyboard */,
				F5AB9F92243D174D00DF0BE9 /* Info.plist */,
				F5AB9F8A243D174800DF0BE9 /* IngSpector.xcdatamodeld */,
				F5AB9F9D243D2E9700DF0BE9 /* FirstPageViewController.swift */,
				F5AB9FA7243D5D4A00DF0BE9 /* RegisterViewController.swift */,
				F538AC03243E731200A75BD4 /* HomeViewController.swift */,
			);
			path = IngSpector;
			sourceTree = "<group>";
		};
		F5AB9F9A243D2C2D00DF0BE9 /* Images */ = {
			isa = PBXGroup;
			children = (
				F5AB9F98243D2C2400DF0BE9 /* background.png */,
				F5AB9FA1243D407E00DF0BE9 /* log1.jpg */,
				F5AB9FA5243D53FB00DF0BE9 /* ingspectorfulllogo.png */,
				F5AB9FA3243D421500DF0BE9 /* llogoappingspector.png */,
				F5AB9F9F243D3DE900DF0BE9 /* splash.jpg */,
			);
			path = Images;
			sourceTree = "<group>";
		};
/* End PBXGroup section */

/* Begin PBXNativeTarget section */
		F5AB9F7D243D174800DF0BE9 /* IngSpector */ = {
			isa = PBXNativeTarget;
			buildConfigurationList = F5AB9F95243D174D00DF0BE9 /* Build configuration list for PBXNativeTarget "IngSpector" */;
			buildPhases = (
				F5AB9F7A243D174800DF0BE9 /* Sources */,
				F5AB9F7B243D174800DF0BE9 /* Frameworks */,
				F5AB9F7C243D174800DF0BE9 /* Resources */,
			);
			buildRules = (
			);
			dependencies = (
			);
			name = IngSpector;
			productName = IngSpector;
			productReference = F5AB9F7E243D174800DF0BE9 /* IngSpector.app */;
			productType = "com.apple.product-type.application";
		};
/* End PBXNativeTarget section */

/* Begin PBXProject section */
		F5AB9F76243D174800DF0BE9 /* Project object */ = {
			isa = PBXProject;
			attributes = {
				LastSwiftUpdateCheck = 1130;
				LastUpgradeCheck = 1130;
				ORGANIZATIONNAME = otet_tud;
				TargetAttributes = {
					F5AB9F7D243D174800DF0BE9 = {
						CreatedOnToolsVersion = 11.3;
					};
				};
			};
			buildConfigurationList = F5AB9F79243D174800DF0BE9 /* Build configuration list for PBXProject "IngSpector" */;
			compatibilityVersion = "Xcode 9.3";
			developmentRegion = en;
			hasScannedForEncodings = 0;
			knownRegions = (
				en,
				Base,
			);
			mainGroup = F5AB9F75243D174800DF0BE9;
			productRefGroup = F5AB9F7F243D174800DF0BE9 /* Products */;
			projectDirPath = "";
			projectRoot = "";
			targets = (
				F5AB9F7D243D174800DF0BE9 /* IngSpector */,
			);
		};
/* End PBXProject section */

/* Begin PBXResourcesBuildPhase section */
		F5AB9F7C243D174800DF0BE9 /* Resources */ = {
			isa = PBXResourcesBuildPhase;
			buildActionMask = 2147483647;
			files = (
				F5AB9FA0243D3DE900DF0BE9 /* splash.jpg in Resources */,
				F5AB9F91243D174D00DF0BE9 /* LaunchScreen.storyboard in Resources */,
				F5AB9FA4243D421500DF0BE9 /* llogoappingspector.png in Resources */,
				F5AB9FA6243D53FB00DF0BE9 /* ingspectorfulllogo.png in Resources */,
				F5AB9F99243D2C2400DF0BE9 /* background.png in Resources */,
				F5AB9F8E243D174D00DF0BE9 /* Assets.xcassets in Resources */,
				F5AB9FA2243D407E00DF0BE9 /* log1.jpg in Resources */,
				F5AB9F89243D174800DF0BE9 /* Main.storyboard in Resources */,
			);
			runOnlyForDeploymentPostprocessing = 0;
		};
/* End PBXResourcesBuildPhase section */

/* Begin PBXSourcesBuildPhase section */
		F5AB9F7A243D174800DF0BE9 /* Sources */ = {
			isa = PBXSourcesBuildPhase;
			buildActionMask = 2147483647;
			files = (
				F5AB9F86243D174800DF0BE9 /* ViewController.swift in Sources */,
				F5AB9F8C243D174800DF0BE9 /* IngSpector.xcdatamodeld in Sources */,
				F5AB9F9E243D2E9700DF0BE9 /* FirstPageViewController.swift in Sources */,
				F5AB9FA8243D5D4A00DF0BE9 /* RegisterViewController.swift in Sources */,
				F5AB9F82243D174800DF0BE9 /* AppDelegate.swift in Sources */,
				F538AC04243E731200A75BD4 /* HomeViewController.swift in Sources */,
				F5AB9F84243D174800DF0BE9 /* SceneDelegate.swift in Sources */,
			);
			runOnlyForDeploymentPostprocessing = 0;
		};
/* End PBXSourcesBuildPhase section */

/* Begin PBXVariantGroup section */
		F5AB9F87243D174800DF0BE9 /* Main.storyboard */ = {
			isa = PBXVariantGroup;
			children = (
				F5AB9F88243D174800DF0BE9 /* Base */,
			);
			name = Main.storyboard;
			sourceTree = "<group>";
		};
		F5AB9F8F243D174D00DF0BE9 /* LaunchScreen.storyboard */ = {
			isa = PBXVariantGroup;
			children = (
				F5AB9F90243D174D00DF0BE9 /* Base */,
			);
			name = LaunchScreen.storyboard;
			sourceTree = "<group>";
		};
/* End PBXVariantGroup section */

/* Begin XCBuildConfiguration section */
		F5AB9F93243D174D00DF0BE9 /* Debug */ = {
			isa = XCBuildConfiguration;
			buildSettings = {
				ALWAYS_SEARCH_USER_PATHS = NO;
				CLANG_ANALYZER_NONNULL = YES;
				CLANG_ANALYZER_NUMBER_OBJECT_CONVERSION = YES_AGGRESSIVE;
				CLANG_CXX_LANGUAGE_STANDARD = "gnu++14";
				CLANG_CXX_LIBRARY = "libc++";
				CLANG_ENABLE_MODULES = YES;
				CLANG_ENABLE_OBJC_ARC = YES;
				CLANG_ENABLE_OBJC_WEAK = YES;
				CLANG_WARN_BLOCK_CAPTURE_AUTORELEASING = YES;
				CLANG_WARN_BOOL_CONVERSION = YES;
				CLANG_WARN_COMMA = YES;
				CLANG_WARN_CONSTANT_CONVERSION = YES;
				CLANG_WARN_DEPRECATED_OBJC_IMPLEMENTATIONS = YES;
				CLANG_WARN_DIRECT_OBJC_ISA_USAGE = YES_ERROR;
				CLANG_WARN_DOCUMENTATION_COMMENTS = YES;
				CLANG_WARN_EMPTY_BODY = YES;
				CLANG_WARN_ENUM_CONVERSION = YES;
				CLANG_WARN_INFINITE_RECURSION = YES;
				CLANG_WARN_INT_CONVERSION = YES;
				CLANG_WARN_NON_LITERAL_NULL_CONVERSION = YES;
				CLANG_WARN_OBJC_IMPLICIT_RETAIN_SELF = YES;
				CLANG_WARN_OBJC_LITERAL_CONVERSION = YES;
				CLANG_WARN_OBJC_ROOT_CLASS = YES_ERROR;
				CLANG_WARN_RANGE_LOOP_ANALYSIS = YES;
				CLANG_WARN_STRICT_PROTOTYPES = YES;
				CLANG_WARN_SUSPICIOUS_MOVE = YES;
				CLANG_WARN_UNGUARDED_AVAILABILITY = YES_AGGRESSIVE;
				CLANG_WARN_UNREACHABLE_CODE = YES;
				CLANG_WARN__DUPLICATE_METHOD_MATCH = YES;
				COPY_PHASE_STRIP = NO;
				DEBUG_INFORMATION_FORMAT = dwarf;
				ENABLE_STRICT_OBJC_MSGSEND = YES;
				ENABLE_TESTABILITY = YES;
				GCC_C_LANGUAGE_STANDARD = gnu11;
				GCC_DYNAMIC_NO_PIC = NO;
				GCC_NO_COMMON_BLOCKS = YES;
				GCC_OPTIMIZATION_LEVEL = 0;
				GCC_PREPROCESSOR_DEFINITIONS = (
					"DEBUG=1",
					"$(inherited)",
				);
				GCC_WARN_64_TO_32_BIT_CONVERSION = YES;
				GCC_WARN_ABOUT_RETURN_TYPE = YES_ERROR;
				GCC_WARN_UNDECLARED_SELECTOR = YES;
				GCC_WARN_UNINITIALIZED_AUTOS = YES_AGGRESSIVE;
				GCC_WARN_UNUSED_FUNCTION = YES;
				GCC_WARN_UNUSED_VARIABLE = YES;
				IPHONEOS_DEPLOYMENT_TARGET = 13.2;
				MTL_ENABLE_DEBUG_INFO = INCLUDE_SOURCE;
				MTL_FAST_MATH = YES;
				ONLY_ACTIVE_ARCH = YES;
				SDKROOT = iphoneos;
				SWIFT_ACTIVE_COMPILATION_CONDITIONS = DEBUG;
				SWIFT_OPTIMIZATION_LEVEL = "-Onone";
			};
			name = Debug;
		};
		F5AB9F94243D174D00DF0BE9 /* Release */ = {
			isa = XCBuildConfiguration;
			buildSettings = {
				ALWAYS_SEARCH_USER_PATHS = NO;
				CLANG_ANALYZER_NONNULL = YES;
				CLANG_ANALYZER_NUMBER_OBJECT_CONVERSION = YES_AGGRESSIVE;
				CLANG_CXX_LANGUAGE_STANDARD = "gnu++14";
				CLANG_CXX_LIBRARY = "libc++";
				CLANG_ENABLE_MODULES = YES;
				CLANG_ENABLE_OBJC_ARC = YES;
				CLANG_ENABLE_OBJC_WEAK = YES;
				CLANG_WARN_BLOCK_CAPTURE_AUTORELEASING = YES;
				CLANG_WARN_BOOL_CONVERSION = YES;
				CLANG_WARN_COMMA = YES;
				CLANG_WARN_CONSTANT_CONVERSION = YES;
				CLANG_WARN_DEPRECATED_OBJC_IMPLEMENTATIONS = YES;
				CLANG_WARN_DIRECT_OBJC_ISA_USAGE = YES_ERROR;
				CLANG_WARN_DOCUMENTATION_COMMENTS = YES;
				CLANG_WARN_EMPTY_BODY = YES;
				CLANG_WARN_ENUM_CONVERSION = YES;
				CLANG_WARN_INFINITE_RECURSION = YES;
				CLANG_WARN_INT_CONVERSION = YES;
				CLANG_WARN_NON_LITERAL_NULL_CONVERSION = YES;
				CLANG_WARN_OBJC_IMPLICIT_RETAIN_SELF = YES;
				CLANG_WARN_OBJC_LITERAL_CONVERSION = YES;
				CLANG_WARN_OBJC_ROOT_CLASS = YES_ERROR;
				CLANG_WARN_RANGE_LOOP_ANALYSIS = YES;
				CLANG_WARN_STRICT_PROTOTYPES = YES;
				CLANG_WARN_SUSPICIOUS_MOVE = YES;
				CLANG_WARN_UNGUARDED_AVAILABILITY = YES_AGGRESSIVE;
				CLANG_WARN_UNREACHABLE_CODE = YES;
				CLANG_WARN__DUPLICATE_METHOD_MATCH = YES;
				COPY_PHASE_STRIP = NO;
				DEBUG_INFORMATION_FORMAT = "dwarf-with-dsym";
				ENABLE_NS_ASSERTIONS = NO;
				ENABLE_STRICT_OBJC_MSGSEND = YES;
				GCC_C_LANGUAGE_STANDARD = gnu11;
				GCC_NO_COMMON_BLOCKS = YES;
				GCC_WARN_64_TO_32_BIT_CONVERSION = YES;
				GCC_WARN_ABOUT_RETURN_TYPE = YES_ERROR;
				GCC_WARN_UNDECLARED_SELECTOR = YES;
				GCC_WARN_UNINITIALIZED_AUTOS = YES_AGGRESSIVE;
				GCC_WARN_UNUSED_FUNCTION = YES;
				GCC_WARN_UNUSED_VARIABLE = YES;
				IPHONEOS_DEPLOYMENT_TARGET = 13.2;
				MTL_ENABLE_DEBUG_INFO = NO;
				MTL_FAST_MATH = YES;
				SDKROOT = iphoneos;
				SWIFT_COMPILATION_MODE = wholemodule;
				SWIFT_OPTIMIZATION_LEVEL = "-O";
				VALIDATE_PRODUCT = YES;
			};
			name = Release;
		};
		F5AB9F96243D174D00DF0BE9 /* Debug */ = {
			isa = XCBuildConfiguration;
			buildSettings = {
				ASSETCATALOG_COMPILER_APPICON_NAME = AppIcon;
				CODE_SIGN_STYLE = Automatic;
				DEVELOPMENT_TEAM = 2695693848;
				INFOPLIST_FILE = IngSpector/Info.plist;
				LD_RUNPATH_SEARCH_PATHS = (
					"$(inherited)",
					"@executable_path/Frameworks",
				);
				PRODUCT_BUNDLE_IDENTIFIER = madt5264.IngSpector;
				PRODUCT_NAME = "$(TARGET_NAME)";
				SWIFT_VERSION = 5.0;
				TARGETED_DEVICE_FAMILY = "1,2";
			};
			name = Debug;
		};
		F5AB9F97243D174D00DF0BE9 /* Release */ = {
			isa = XCBuildConfiguration;
			buildSettings = {
				ASSETCATALOG_COMPILER_APPICON_NAME = AppIcon;
				CODE_SIGN_STYLE = Automatic;
				DEVELOPMENT_TEAM = 2695693848;
				INFOPLIST_FILE = IngSpector/Info.plist;
				LD_RUNPATH_SEARCH_PATHS = (
					"$(inherited)",
					"@executable_path/Frameworks",
				);
				PRODUCT_BUNDLE_IDENTIFIER = madt5264.IngSpector;
				PRODUCT_NAME = "$(TARGET_NAME)";
				SWIFT_VERSION = 5.0;
				TARGETED_DEVICE_FAMILY = "1,2";
			};
			name = Release;
		};
/* End XCBuildConfiguration section */

/* Begin XCConfigurationList section */
		F5AB9F79243D174800DF0BE9 /* Build configuration list for PBXProject "IngSpector" */ = {
			isa = XCConfigurationList;
			buildConfigurations = (
				F5AB9F93243D174D00DF0BE9 /* Debug */,
				F5AB9F94243D174D00DF0BE9 /* Release */,
			);
			defaultConfigurationIsVisible = 0;
			defaultConfigurationName = Release;
		};
		F5AB9F95243D174D00DF0BE9 /* Build configuration list for PBXNativeTarget "IngSpector" */ = {
			isa = XCConfigurationList;
			buildConfigurations = (
				F5AB9F96243D174D00DF0BE9 /* Debug */,
				F5AB9F97243D174D00DF0BE9 /* Release */,
			);
			defaultConfigurationIsVisible = 0;
			defaultConfigurationName = Release;
		};
/* End XCConfigurationList section */

/* Begin XCVersionGroup section */
		F5AB9F8A243D174800DF0BE9 /* IngSpector.xcdatamodeld */ = {
			isa = XCVersionGroup;
			children = (
				F5AB9F8B243D174800DF0BE9 /* IngSpector.xcdatamodel */,
			);
			currentVersion = F5AB9F8B243D174800DF0BE9 /* IngSpector.xcdatamodel */;
			path = IngSpector.xcdatamodeld;
			sourceTree = "<group>";
			versionGroupType = wrapper.xcdatamodel;
		};
/* End XCVersionGroup section */
	};
	rootObject = F5AB9F76243D174800DF0BE9 /* Project object */;
}
